{
  "name": "service-discovery-for-oi4-registry",
  "version": "1.0.0",
  "lockfileVersion": 1,
  "requires": true,
  "dependencies": {
    "bindings": {
      "version": "1.2.1",
      "resolved": "https://registry.npmjs.org/bindings/-/bindings-1.2.1.tgz",
      "integrity": "sha1-FK1hE4EtLTfXLme0ystLtyZQXxE="
    },
    "mdns": {
      "version": "2.5.1",
      "resolved": "https://registry.npmjs.org/mdns/-/mdns-2.5.1.tgz",
      "integrity": "sha512-JglS7Ed3Yf0BCpyC7LXA1MUrumMV8jj4g67nT3+m886SFYllz2HWBg8ObywFXWbBSv5gW0meMOOS4vVa2jZGCw==",
      "requires": {
        "bindings": "~1.2.1",
        "nan": "^2.14.0"
      }
    },
    "nan": {
      "version": "2.14.2",
      "resolved": "https://registry.npmjs.org/nan/-/nan-2.14.2.tgz",
      "integrity": "sha512-M2ufzIiINKCuDfBSAUr1vWQ+vuVcA9kqx8JJUsbQi6yf1uGRyb7HfpdfUr5qLXf3B/t8dPvcjhKMmlfnP47EzQ=="
    }
  }
}
